Microsoft Visual Studio Solution File, Format Version 12.00
# Visual Studio Version 17
VisualStudioVersion = 17.13.35919.96
MinimumVisualStudioVersion = 10.0.40219.1
Project("{FAE04EC0-301F-11D3-BF4B-00C04F79EFBC}") = "AuthAPI", "AuthAPI\AuthAPI.csproj", "{C4DC25DD-97F1-4194-8CFC-D6DA5B709093}"
EndProject
Project("{FAE04EC0-301F-11D3-BF4B-00C04F79EFBC}") = "UnitTests", "UnitTests\UnitTests.csproj", "{55BFF64F-135E-4675-BDE4-42812CA8FCAA}"
EndProject
Global
	GlobalSection(SolutionConfigurationPlatforms) = preSolution
		Debug|Any CPU = Debug|Any CPU
		Release|Any CPU = Release|Any CPU
	EndGlobalSection
	GlobalSection(ProjectConfigurationPlatforms) = postSolution
		{C4DC25DD-97F1-4194-8CFC-D6DA5B709093}.Debug|Any CPU.ActiveCfg = Debug|Any CPU
		{C4DC25DD-97F1-4194-8CFC-D6DA5B709093}.Debug|Any CPU.Build.0 = Debug|Any CPU
		{C4DC25DD-97F1-4194-8CFC-D6DA5B709093}.Release|Any CPU.ActiveCfg = Release|Any CPU
		{C4DC25DD-97F1-4194-8CFC-D6DA5B709093}.Release|Any CPU.Build.0 = Release|Any CPU
		{55BFF64F-135E-4675-BDE4-42812CA8FCAA}.Debug|Any CPU.ActiveCfg = Debug|Any CPU
		{55BFF64F-135E-4675-BDE4-42812CA8FCAA}.Debug|Any CPU.Build.0 = Debug|Any CPU
		{55BFF64F-135E-4675-BDE4-42812CA8FCAA}.Release|Any CPU.ActiveCfg = Release|Any CPU
		{55BFF64F-135E-4675-BDE4-42812CA8FCAA}.Release|Any CPU.Build.0 = Release|Any CPU
	EndGlobalSection
	GlobalSection(SolutionProperties) = preSolution
		HideSolutionNode = FALSE
	EndGlobalSection
	GlobalSection(ExtensibilityGlobals) = postSolution
		SolutionGuid = {77F1BE47-BB0E-45A8-9218-5154D45F1FC2}
	EndGlobalSection
EndGlobal
